schema: '2.0'
stages:
  data_extraction:
    cmd: python src/stages/extraction.py --config params.yaml
    deps:
    - path: src/stages/extraction.py
      hash: md5
      md5: 845129524d797d671fdaf53cf8f2b360
      size: 1531
    params:
      params.yaml:
        extraction:
          bucket_name: scraper-meli
          download_directory: data/raw
  data_concatenation:
    cmd: python src/stages/concatenation.py --config params.yaml
    deps:
    - path: src/stages/concatenation.py
      hash: md5
      md5: 23a7f664b51c66c83d9f6e8c1bc0d097
      size: 1840
    params:
      params.yaml:
        concatenation:
          input_path: data/raw/carros
          output_path: data/raw
          output_filename: car_raw.csv
    outs:
    - path: data/raw/car_raw.csv
      hash: md5
      md5: 84088a419cfa45e23a1733cc3e1c644e
      size: 5968090
  train:
    cmd: python src/stages/train.py --config params.yaml
    deps:
    - path: data/processed/X_test.csv
      hash: md5
      md5: ca60c81f9ff5e48ea8b42357a41d9ffc
      size: 170126
    - path: data/processed/X_test_tranformed.csv
      hash: md5
      md5: f9c3bf7df087a03ccda8207e7379c1ca
      size: 302788
    - path: data/processed/X_train.csv
      hash: md5
      md5: ad87ce0fb78031506c444d4616ef7f9a
      size: 676692
    - path: data/processed/X_train_transformed.csv
      hash: md5
      md5: 4bbfd40f85031e25479ed3580b7cf20c
      size: 1210864
    - path: models/feature_engineering_pipeline.joblib
      hash: md5
      md5: 798d0701acff3ef83986b142ce6d78be
      size: 17203
    - path: src/stages/train.py
      hash: md5
      md5: 91aeb499dbd74d182d0240fa050e5ef7
      size: 1933
    params:
      params.yaml:
        train:
          final_model: models/final_pipeline.joblib
    outs:
    - path: models/final_pipeline.joblib
      hash: md5
      md5: dc32562b9e31cb1a326d386c177ee9f0
      size: 300373
  feature_engineering:
    cmd: python src/stages/feature_engineering.py --config params.yaml
    deps:
    - path: data/raw/car_raw.csv
      hash: md5
      md5: 84088a419cfa45e23a1733cc3e1c644e
      size: 5968090
    - path: src/stages/feature_engineering.py
      hash: md5
      md5: 455af38b8efe2d29ecd45bfbfa3595d5
      size: 3535
    params:
      params.yaml:
        feature_engineering:
          rarelabel_tol: 0.001
          scaler_method: standard
          test_size: 0.2
          pipeline: models/feature_engineering_pipeline.joblib
    outs:
    - path: data/processed/X_test.csv
      hash: md5
      md5: ca60c81f9ff5e48ea8b42357a41d9ffc
      size: 170126
    - path: data/processed/X_test_tranformed.csv
      hash: md5
      md5: f9c3bf7df087a03ccda8207e7379c1ca
      size: 302788
    - path: data/processed/X_train.csv
      hash: md5
      md5: ad87ce0fb78031506c444d4616ef7f9a
      size: 676692
    - path: data/processed/X_train_transformed.csv
      hash: md5
      md5: 4bbfd40f85031e25479ed3580b7cf20c
      size: 1210864
    - path: models/feature_engineering_pipeline.joblib
      hash: md5
      md5: 798d0701acff3ef83986b142ce6d78be
      size: 17203
  evaluate:
    cmd: python src/stages/evaluate.py --config params.yaml
    deps:
    - path: data/processed/X_test.csv
      hash: md5
      md5: ca60c81f9ff5e48ea8b42357a41d9ffc
      size: 170126
    - path: models/final_pipeline.joblib
      hash: md5
      md5: dc32562b9e31cb1a326d386c177ee9f0
      size: 300373
    - path: src/stages/evaluate.py
      hash: md5
      md5: b011553596ca667786963ade90dc9696
      size: 3077
    params:
      params.yaml:
        evaluate:
          metrics: metrics.json
          confusion_matrix_image: confusion_matrix.png
          confusion_matrix_data: confusion_matrix_data.csv
          roc_auc_plot: roc_curve.png
          feature_importance_plot: feature_importance.png
    outs:
    - path: experiments/metrics.json
      hash: md5
      md5: 7b4db364c6ee63d17435e8d6431eb6bb
      size: 141
